
Microsoft Visual Studio Solution File, Format Version 12.00
# Visual Studio Version 16
VisualStudioVersion = 16.0.30011.22
MinimumVisualStudioVersion = 10.0.40219.1
Project("{2150E333-8FDC-42A3-9474-1A3956D46DE8}") = "src", "src", "{C7868403-C17F-4F77-8018-87AF01302EC5}"
EndProject
Project("{2150E333-8FDC-42A3-9474-1A3956D46DE8}") = "ApplicationCore", "ApplicationCore", "{F167CC19-8FCB-40E0-A399-4EB36B523490}"
EndProject
Project("{9A19103F-16F7-4668-BE54-9A1E7A4F7556}") = "TAL.AppCore.Entities", "src\ApplicationCore\Entities\TAL.AppCore.Entities.csproj", "{64556477-F6E8-4F6A-A86E-A78468ECCD10}"
EndProject
Project("{9A19103F-16F7-4668-BE54-9A1E7A4F7556}") = "TAL.AppCore.Interfaces", "src\ApplicationCore\Interfaces\TAL.AppCore.Interfaces.csproj", "{50717148-A2B7-4224-9A05-CDD51D165C4D}"
EndProject
Project("{9A19103F-16F7-4668-BE54-9A1E7A4F7556}") = "TAL.AppCore.Services", "src\ApplicationCore\Services\TAL.AppCore.Services.csproj", "{3C9D1D02-6EFB-4389-A927-DBC282AD1582}"
EndProject
Project("{2150E333-8FDC-42A3-9474-1A3956D46DE8}") = "Infrastructure", "Infrastructure", "{5B2B9CB7-1360-401B-AD3D-6AD47AFE436E}"
EndProject
Project("{9A19103F-16F7-4668-BE54-9A1E7A4F7556}") = "TAL.Infrastructure", "src\Infrstructure\TAL.Infrastructure.csproj", "{97C3A0A5-F1E3-444E-946A-236133304E11}"
EndProject
Project("{2150E333-8FDC-42A3-9474-1A3956D46DE8}") = "Web", "Web", "{D05E1DA3-AE8F-4DA8-8418-503E70C74F52}"
EndProject
Project("{9A19103F-16F7-4668-BE54-9A1E7A4F7556}") = "TAL.WebApi", "src\Web\TAL.WebApi.csproj", "{63BE1130-6681-4973-9A84-6564FE653341}"
EndProject
Project("{2150E333-8FDC-42A3-9474-1A3956D46DE8}") = "tests", "tests", "{A20BB063-EE61-41E7-A0F3-0112FBE3CFF2}"
EndProject
Project("{2150E333-8FDC-42A3-9474-1A3956D46DE8}") = "IntegrationTests", "IntegrationTests", "{EC13F1AA-1BC3-4F82-92C3-11F2D10A6D82}"
EndProject
Project("{9A19103F-16F7-4668-BE54-9A1E7A4F7556}") = "TAL.IntegrationTests", "tests\TAL.IntegrationTests\TAL.IntegrationTests.csproj", "{3BE8D8A8-81C3-47F3-8371-3693143D0337}"
EndProject
Project("{2150E333-8FDC-42A3-9474-1A3956D46DE8}") = "UnitTests", "UnitTests", "{384DB8AA-7777-46A1-8D6E-19A1F1E46647}"
EndProject
Project("{9A19103F-16F7-4668-BE54-9A1E7A4F7556}") = "TAL.UnitTests", "tests\TAL.UnitTests\TAL.UnitTests.csproj", "{2ECCDE6C-1504-4CC4-9E0C-121835E74C19}"
EndProject
Global
	GlobalSection(SolutionConfigurationPlatforms) = preSolution
		Debug|Any CPU = Debug|Any CPU
		Release|Any CPU = Release|Any CPU
	EndGlobalSection
	GlobalSection(ProjectConfigurationPlatforms) = postSolution
		{64556477-F6E8-4F6A-A86E-A78468ECCD10}.Debug|Any CPU.ActiveCfg = Debug|Any CPU
		{64556477-F6E8-4F6A-A86E-A78468ECCD10}.Debug|Any CPU.Build.0 = Debug|Any CPU
		{64556477-F6E8-4F6A-A86E-A78468ECCD10}.Release|Any CPU.ActiveCfg = Release|Any CPU
		{64556477-F6E8-4F6A-A86E-A78468ECCD10}.Release|Any CPU.Build.0 = Release|Any CPU
		{50717148-A2B7-4224-9A05-CDD51D165C4D}.Debug|Any CPU.ActiveCfg = Debug|Any CPU
		{50717148-A2B7-4224-9A05-CDD51D165C4D}.Debug|Any CPU.Build.0 = Debug|Any CPU
		{50717148-A2B7-4224-9A05-CDD51D165C4D}.Release|Any CPU.ActiveCfg = Release|Any CPU
		{50717148-A2B7-4224-9A05-CDD51D165C4D}.Release|Any CPU.Build.0 = Release|Any CPU
		{3C9D1D02-6EFB-4389-A927-DBC282AD1582}.Debug|Any CPU.ActiveCfg = Debug|Any CPU
		{3C9D1D02-6EFB-4389-A927-DBC282AD1582}.Debug|Any CPU.Build.0 = Debug|Any CPU
		{3C9D1D02-6EFB-4389-A927-DBC282AD1582}.Release|Any CPU.ActiveCfg = Release|Any CPU
		{3C9D1D02-6EFB-4389-A927-DBC282AD1582}.Release|Any CPU.Build.0 = Release|Any CPU
		{97C3A0A5-F1E3-444E-946A-236133304E11}.Debug|Any CPU.ActiveCfg = Debug|Any CPU
		{97C3A0A5-F1E3-444E-946A-236133304E11}.Debug|Any CPU.Build.0 = Debug|Any CPU
		{97C3A0A5-F1E3-444E-946A-236133304E11}.Release|Any CPU.ActiveCfg = Release|Any CPU
		{97C3A0A5-F1E3-444E-946A-236133304E11}.Release|Any CPU.Build.0 = Release|Any CPU
		{63BE1130-6681-4973-9A84-6564FE653341}.Debug|Any CPU.ActiveCfg = Debug|Any CPU
		{63BE1130-6681-4973-9A84-6564FE653341}.Debug|Any CPU.Build.0 = Debug|Any CPU
		{63BE1130-6681-4973-9A84-6564FE653341}.Release|Any CPU.ActiveCfg = Release|Any CPU
		{63BE1130-6681-4973-9A84-6564FE653341}.Release|Any CPU.Build.0 = Release|Any CPU
		{3BE8D8A8-81C3-47F3-8371-3693143D0337}.Debug|Any CPU.ActiveCfg = Debug|Any CPU
		{3BE8D8A8-81C3-47F3-8371-3693143D0337}.Debug|Any CPU.Build.0 = Debug|Any CPU
		{3BE8D8A8-81C3-47F3-8371-3693143D0337}.Release|Any CPU.ActiveCfg = Release|Any CPU
		{3BE8D8A8-81C3-47F3-8371-3693143D0337}.Release|Any CPU.Build.0 = Release|Any CPU
		{2ECCDE6C-1504-4CC4-9E0C-121835E74C19}.Debug|Any CPU.ActiveCfg = Debug|Any CPU
		{2ECCDE6C-1504-4CC4-9E0C-121835E74C19}.Debug|Any CPU.Build.0 = Debug|Any CPU
		{2ECCDE6C-1504-4CC4-9E0C-121835E74C19}.Release|Any CPU.ActiveCfg = Release|Any CPU
		{2ECCDE6C-1504-4CC4-9E0C-121835E74C19}.Release|Any CPU.Build.0 = Release|Any CPU
	EndGlobalSection
	GlobalSection(SolutionProperties) = preSolution
		HideSolutionNode = FALSE
	EndGlobalSection
	GlobalSection(NestedProjects) = preSolution
		{F167CC19-8FCB-40E0-A399-4EB36B523490} = {C7868403-C17F-4F77-8018-87AF01302EC5}
		{64556477-F6E8-4F6A-A86E-A78468ECCD10} = {F167CC19-8FCB-40E0-A399-4EB36B523490}
		{50717148-A2B7-4224-9A05-CDD51D165C4D} = {F167CC19-8FCB-40E0-A399-4EB36B523490}
		{3C9D1D02-6EFB-4389-A927-DBC282AD1582} = {F167CC19-8FCB-40E0-A399-4EB36B523490}
		{5B2B9CB7-1360-401B-AD3D-6AD47AFE436E} = {C7868403-C17F-4F77-8018-87AF01302EC5}
		{97C3A0A5-F1E3-444E-946A-236133304E11} = {5B2B9CB7-1360-401B-AD3D-6AD47AFE436E}
		{D05E1DA3-AE8F-4DA8-8418-503E70C74F52} = {C7868403-C17F-4F77-8018-87AF01302EC5}
		{63BE1130-6681-4973-9A84-6564FE653341} = {D05E1DA3-AE8F-4DA8-8418-503E70C74F52}
		{EC13F1AA-1BC3-4F82-92C3-11F2D10A6D82} = {A20BB063-EE61-41E7-A0F3-0112FBE3CFF2}
		{3BE8D8A8-81C3-47F3-8371-3693143D0337} = {EC13F1AA-1BC3-4F82-92C3-11F2D10A6D82}
		{384DB8AA-7777-46A1-8D6E-19A1F1E46647} = {A20BB063-EE61-41E7-A0F3-0112FBE3CFF2}
		{2ECCDE6C-1504-4CC4-9E0C-121835E74C19} = {384DB8AA-7777-46A1-8D6E-19A1F1E46647}
	EndGlobalSection
	GlobalSection(ExtensibilityGlobals) = postSolution
		SolutionGuid = {636D2459-C0D9-4B05-8AA2-F585AB4DDE2A}
	EndGlobalSection
EndGlobal
